<?xml version="1.0" encoding="utf-8"?>
<Project ToolsVersion="4.0" xmlns="http://schemas.microsoft.com/developer/msbuild/2003">
  <ItemGroup>
    <Filter Include="Source Files">
      <UniqueIdentifier>{4FC737F1-C7A5-4376-A066-2A32D752A2FF}</UniqueIdentifier>
      <Extensions>cpp;c;cc;cxx;c++;cppm;ixx;def;odl;idl;hpj;bat;asm;asmx</Extensions>
    </Filter>
    <Filter Include="Header Files">
      <UniqueIdentifier>{93995380-89BD-4b04-88EB-625FBE52EBFB}</UniqueIdentifier>
      <Extensions>h;hh;hpp;hxx;h++;hm;inl;inc;ipp;xsd</Extensions>
    </Filter>
    <Filter Include="Resource Files">
      <UniqueIdentifier>{67DA6AB6-F800-4c08-8B7A-83BB121AAD01}</UniqueIdentifier>
      <Extensions>rc;ico;cur;bmp;dlg;rc2;rct;bin;rgs;gif;jpg;jpeg;jpe;resx;tiff;tif;png;wav;mfcribbon-ms</Extensions>
    </Filter>
    <Filter Include="Source Files\models">
      <UniqueIdentifier>{0b03642c-93f3-40dc-a202-1bfbbeae4912}</UniqueIdentifier>
    </Filter>
    <Filter Include="Source Files\videos">
      <UniqueIdentifier>{1f21a899-88b2-4c8d-af1d-6b4285cc3536}</UniqueIdentifier>
    </Filter>
  </ItemGroup>
  <ItemGroup>
    <None Include="label.txt">
      <Filter>Source Files</Filter>
    </None>
    <None Include="yolov5s.onnx">
      <Filter>Source Files\models</Filter>
    </None>
  </ItemGroup>
  <ItemGroup>
    <Media Include="v1.mp4">
      <Filter>Source Files\videos</Filter>
    </Media>
  </ItemGroup>
  <ItemGroup>
    <ClCompile Include="main - 1-25200-85.cpp">
      <Filter>Source Files</Filter>
    </ClCompile>
  </ItemGroup>
</Project>